
Microsoft Visual Studio Solution File, Format Version 12.00
# Visual Studio Version 16
VisualStudioVersion = 16.0.32228.343
MinimumVisualStudioVersion = 10.0.40219.1
Project("{F184B08F-C81C-45F6-A57F-5ABD9991F28F}") = "DinerMenuCB", "DinerMenuCB\DinerMenuCB.vbproj", "{0A0BF069-07FC-42D3-9727-ADF6AEA395FE}"
EndProject
Global
	GlobalSection(SolutionConfigurationPlatforms) = preSolution
		Debug|Any CPU = Debug|Any CPU
		Release|Any CPU = Release|Any CPU
	EndGlobalSection
	GlobalSection(ProjectConfigurationPlatforms) = postSolution
		{0A0BF069-07FC-42D3-9727-ADF6AEA395FE}.Debug|Any CPU.ActiveCfg = Debug|Any CPU
		{0A0BF069-07FC-42D3-9727-ADF6AEA395FE}.Debug|Any CPU.Build.0 = Debug|Any CPU
		{0A0BF069-07FC-42D3-9727-ADF6AEA395FE}.Release|Any CPU.ActiveCfg = Release|Any CPU
		{0A0BF069-07FC-42D3-9727-ADF6AEA395FE}.Release|Any CPU.Build.0 = Release|Any CPU
	EndGlobalSection
	GlobalSection(SolutionProperties) = preSolution
		HideSolutionNode = FALSE
	EndGlobalSection
	GlobalSection(ExtensibilityGlobals) = postSolution
		SolutionGuid = {547BDCA3-8495-4448-BB02-8210034A5B1B}
	EndGlobalSection
EndGlobal
